# This file is automatically @generated by Cargo.
# It is not intended for manual editing.
version = 4

[[package]]
name = "arrayref"
version = "0.3.9"
source = "registry+https://github.com/rust-lang/crates.io-index"
checksum = "76a2e8124351fda1ef8aaaa3bbd7ebbcb486bbcd4225aca0aa0d84bb2db8fecb"

[[package]]
name = "arrayvec"
version = "0.7.8"
source = "registry+https://github.com/rust-lang/crates.io-index"
checksum = "d3fb67a6e08acf24fdeccbac2cb6ac4305825bd1f117462e0e6f2f193345ad56"

[[package]]
name = "base16ct"
version = "0.2.0"
source = "registry+https://github.com/rust-lang/crates.io-index"
checksum = "4c7f02d4ea65f2c1853089ffd8d2787bdbc63de2f0d29dedbcf8ccdfa0ccd4cf"

[[package]]
name = "base58"
version = "0.1.0"
source = "registry+https://github.com/rust-lang/crates.io-index"
checksum = "5024ee8015f02155eee35c711107ddd9a9bf3cb689cf2a9089c97e79b6e1ae83"

[[package]]
name = "base64"
version = "0.22.1"
source = "registry+https://github.com/rust-lang/crates.io-index"
checksum = "72b3254f16251a8381aa12e40e3c4d2f0199f8c6508fbecb9d91f575e0fbb8c6"

[[package]]
name = "base64ct"
version = "1.8.3"
source = "registry+https://github.com/rust-lang/crates.io-index"
checksum = "2af50177e190e07a26ab74f8b1efbfe2ef87da2116221318cb1c2e82baf7de06"

[[package]]
name = "bip39"
version = "2.2.2"
source = "registry+https://github.com/rust-lang/crates.io-index"
checksum = "90dbd31c98227229239363921e60fcf5e558e43ec69094d46fc4996f08d1d5bc"
dependencies = [
 "bitcoin_hashes",
 "serde",
 "unicode-normalization",
]

[[package]]
name = "bitcoin_hashes"
version = "0.14.101"
source = "registry+https://github.com/rust-lang/crates.io-index"
checksum = "bca4c7abb40c8817d77403c880988cfd484f23ab2365726afb2f798363e2c4a2"
dependencies = [
 "hex-conservative",
]

[[package]]
name = "block-buffer"
version = "0.7.3"
source = "registry+https://github.com/rust-lang/crates.io-index"
checksum = "c0940dc441f31689269e10ac70eb1002a3a1d3ad1390e030043662eb7fe4688b"
dependencies = [
 "block-padding",
 "byte-tools",
 "byteorder",
 "generic-array 0.12.4",
]

[[package]]
name = "block-buffer"
version = "0.10.4"
source = "registry+https://github.com/rust-lang/crates.io-index"
checksum = "3078c7629b62d3f0439517fa394996acacc5cbc91c5a20d8c658e77abd503a71"
dependencies = [
 "generic-array 0.14.9",
]

[[package]]
name = "block-padding"
version = "0.1.5"
source = "registry+https://github.com/rust-lang/crates.io-index"
checksum = "fa79dedbb091f449f1f39e53edf88d5dbe95f895dae6135a8d7b881fb5af73f5"
dependencies = [
 "byte-tools",
]

[[package]]
name = "bumpalo"
version = "3.20.3"
source = "registry+https://github.com/rust-lang/crates.io-index"
checksum = "72f5acc6cb2ba439de613abc23857ec3d78374d8ed5ac84e9d11336e87da8649"

[[package]]
name = "byte-tools"
version = "0.3.1"
source = "registry+https://github.com/rust-lang/crates.io-index"
checksum = "e3b5ca7a04898ad4bcd41c90c5285445ff5b791899bb1b0abdd2a2aa791211d7"

[[package]]
name = "byteorder"
version = "1.5.0"
source = "registry+https://github.com/rust-lang/crates.io-index"
checksum = "1fd0f2584146f6f2ef48085050886acf353beff7305ebd1ae69500e27c67f64b"

[[package]]
name = "cfg-if"
version = "1.0.4"
source = "registry+https://github.com/rust-lang/crates.io-index"
checksum = "9330f8b2ff13f34540b44e946ef35111825727b38d33286ef986142615121801"

[[package]]
name = "const-oid"
version = "0.9.6"
source = "registry+https://github.com/rust-lang/crates.io-index"
checksum = "c2459377285ad874054d797f3ccebf984978aa39129f6eafde5cdc8315b612f8"

[[package]]
name = "cpufeatures"
version = "0.2.17"
source = "registry+https://github.com/rust-lang/crates.io-index"
checksum = "59ed5838eebb26a2bb2e58f6d5b5316989ae9d08bab10e0e6d103e656d1b0280"
dependencies = [
 "libc",
]

[[package]]
name = "crunchy"
version = "0.2.4"
source = "registry+https://github.com/rust-lang/crates.io-index"
checksum = "460fbee9c2c2f33933d720630a6a0bac33ba7053db5344fac858d4b8952d77d5"

[[package]]
name = "crypto-bigint"
version = "0.5.5"
source = "registry+https://github.com/rust-lang/crates.io-index"
checksum = "0dc92fb57ca44df6db8059111ab3af99a63d5d0f8375d9972e319a379c6bab76"
dependencies = [
 "generic-array 0.14.9",
 "rand_core 0.6.4",
 "subtle 2.6.1",
 "zeroize",
]

[[package]]
name = "crypto-common"
version = "0.1.6"
source = "registry+https://github.com/rust-lang/crates.io-index"
checksum = "1bfb12502f3fc46cca1bb51ac28df9d618d813cdc3d2f25b9fe775a34af26bb3"
dependencies = [
 "generic-array 0.14.9",
 "typenum",
]

[[package]]
name = "crypto-mac"
version = "0.7.0"
source = "registry+https://github.com/rust-lang/crates.io-index"
checksum = "4434400df11d95d556bac068ddfedd482915eb18fe8bea89bc80b6e4b1c179e5"
dependencies = [
 "generic-array 0.12.4",
 "subtle 1.0.0",
]

[[package]]
name = "der"
version = "0.7.10"
source = "registry+https://github.com/rust-lang/crates.io-index"
checksum = "e7c1832837b905bbfb5101e07cc24c8deddf52f93225eee6ead5f4d63d53ddcb"
dependencies = [
 "const-oid",
 "zeroize",
]

[[package]]
name = "digest"
version = "0.8.1"
source = "registry+https://github.com/rust-lang/crates.io-index"
checksum = "f3d0c8c8752312f9713efd397ff63acb9f85585afbf179282e720e7704954dd5"
dependencies = [
 "generic-array 0.12.4",
]

[[package]]
name = "digest"
version = "0.10.7"
source = "registry+https://github.com/rust-lang/crates.io-index"
checksum = "9ed9a281f7bc9b7576e61468ba615a66a5c8cfdff42420a70aa82701a3b1e292"
dependencies = [
 "block-buffer 0.10.4",
 "const-oid",
 "crypto-common",
 "subtle 2.6.1",
]

[[package]]
name = "ecdsa"
version = "0.16.9"
source = "registry+https://github.com/rust-lang/crates.io-index"
checksum = "ee27f32b5c5292967d2d4a9d7f1e0b0aed2c15daded5a60300e4abb9d8020bca"
dependencies = [
 "der",
 "digest 0.10.7",
 "elliptic-curve",
 "rfc6979",
 "signature",
 "spki",
]

[[package]]
name = "elliptic-curve"
version = "0.13.8"
source = "registry+https://github.com/rust-lang/crates.io-index"
checksum = "b5e6043086bf7973472e0c7dff2142ea0b680d30e18d9cc40f267efbf222bd47"
dependencies = [
 "base16ct",
 "crypto-bigint",
 "digest 0.10.7",
 "ff",
 "generic-array 0.14.9",
 "group",
 "pkcs8",
 "rand_core 0.6.4",
 "sec1",
 "subtle 2.6.1",
 "zeroize",
]

[[package]]
name = "fake-simd"
version = "0.1.2"
source = "registry+https://github.com/rust-lang/crates.io-index"
checksum = "e88a8acf291dafb59c2d96e8f59828f3838bb1a70398823ade51a84de6a6deed"

[[package]]
name = "ff"
version = "0.13.1"
source = "registry+https://github.com/rust-lang/crates.io-index"
checksum = "c0b50bfb653653f9ca9095b427bed08ab8d75a137839d9ad64eb11810d5b6393"
dependencies = [
 "rand_core 0.6.4",
 "subtle 2.6.1",
]

[[package]]
name = "futures-core"
version = "0.3.34"
source = "registry+https://github.com/rust-lang/crates.io-index"
checksum = "92d699e522242e69e3003b94ecc1f960f3a5e015aa7c5d7486e65ad01dd94f5e"

[[package]]
name = "futures-task"
version = "0.3.34"
source = "registry+https://github.com/rust-lang/crates.io-index"
checksum = "cd417de3d1d015fc3bfd2b1ea46dfc7bab72ef86f1cc7cc9c78e728b34a6d1fd"

[[package]]
name = "futures-util"
version = "0.3.34"
source = "registry+https://github.com/rust-lang/crates.io-index"
checksum = "0d50a92467f8ba5dd6e3ee5d4bd04d73ab2e4e1c44474a0674821dfce14b79bc"
dependencies = [
 "futures-core",
 "futures-task",
 "pin-project-lite",
 "slab",
]

[[package]]
name = "generic-array"
version = "0.12.4"
source = "registry+https://github.com/rust-lang/crates.io-index"
checksum = "ffdf9f34f1447443d37393cc6c2b8313aebddcd96906caf34e54c68d8e57d7bd"
dependencies = [
 "typenum",
]

[[package]]
name = "generic-array"
version = "0.14.9"
source = "registry+https://github.com/rust-lang/crates.io-index"
checksum = "4bb6743198531e02858aeaea5398fcc883e71851fcbcb5a2f773e2fb6cb1edf2"
dependencies = [
 "typenum",
 "version_check",
 "zeroize",
]

[[package]]
name = "getrandom"
version = "0.1.16"
source = "registry+https://github.com/rust-lang/crates.io-index"
checksum = "8fc3cb4d91f53b50155bdcfd23f6a4c39ae1969c2ae85982b135750cccaf5fce"
dependencies = [
 "cfg-if",
 "libc",
 "wasi 0.9.0+wasi-snapshot-preview1",
]

[[package]]
name = "getrandom"
version = "0.2.17"
source = "registry+https://github.com/rust-lang/crates.io-index"
checksum = "ff2abc00be7fca6ebc474524697ae276ad847ad0a6b3faa4bcb027e9a4614ad0"
dependencies = [
 "cfg-if",
 "js-sys",
 "libc",
 "wasi 0.11.1+wasi-snapshot-preview1",
 "wasm-bindgen",
]

[[package]]
name = "group"
version = "0.13.0"
source = "registry+https://github.com/rust-lang/crates.io-index"
checksum = "f0f9ef7462f7c099f518d754361858f86d8a07af53ba9af0fe635bbccb151a63"
dependencies = [
 "ff",
 "rand_core 0.6.4",
 "subtle 2.6.1",
]

[[package]]
name = "hex"
version = "0.4.3"
source = "registry+https://github.com/rust-lang/crates.io-index"
checksum = "7f24254aa9a54b5c858eaee2f5bccdb46aaf0e486a595ed5fd8f86ba55232a70"

[[package]]
name = "hex-conservative"
version = "0.2.3"
source = "registry+https://github.com/rust-lang/crates.io-index"
checksum = "db3fef046dca3ca91ee1408a8c1b80ab777e80a4d308d1bf4e7adb3fcb047e08"
dependencies = [
 "arrayvec",
]

[[package]]
name = "hmac"
version = "0.7.1"
source = "registry+https://github.com/rust-lang/crates.io-index"
checksum = "5dcb5e64cda4c23119ab41ba960d1e170a774c8e4b9d9e6a9bc18aabf5e59695"
dependencies = [
 "crypto-mac",
 "digest 0.8.1",
]

[[package]]
name = "hmac"
version = "0.12.1"
source = "registry+https://github.com/rust-lang/crates.io-index"
checksum = "6c49c37c09c17a53d937dfbb742eb3a961d65a994e6bcdcf37e7399d0cc8ab5e"
dependencies = [
 "digest 0.10.7",
]

[[package]]
name = "hmac-drbg"
version = "0.2.0"
source = "registry+https://github.com/rust-lang/crates.io-index"
checksum = "c6e570451493f10f6581b48cdd530413b63ea9e780f544bfd3bdcaa0d89d1a7b"
dependencies = [
 "digest 0.8.1",
 "generic-array 0.12.4",
 "hmac 0.7.1",
]

[[package]]
name = "itoa"
version = "1.0.18"
source = "registry+https://github.com/rust-lang/crates.io-index"
checksum = "8f42a60cbdf9a97f5d2305f08a87dc4e09308d1276d28c869c684d7777685682"

[[package]]
name = "js-sys"
version = "0.3.105"
source = "registry+https://github.com/rust-lang/crates.io-index"
checksum = "ce57d20d1ea864ce2ac172ab472d409214f4fd359f0b2a2775abdf522e2af99e"
dependencies = [
 "cfg-if",
 "futures-util",
 "wasm-bindgen",
]

[[package]]
name = "k256"
version = "0.13.4"
source = "registry+https://github.com/rust-lang/crates.io-index"
checksum = "f6e3919bbaa2945715f0bb6d3934a173d1e9a59ac23767fbaaef277265a7411b"
dependencies = [
 "cfg-if",
 "ecdsa",
 "elliptic-curve",
 "once_cell",
 "sha2 0.10.9",
 "signature",
]

[[package]]
name = "keccak"
version = "0.1.6"
source = "registry+https://github.com/rust-lang/crates.io-index"
checksum = "cb26cec98cce3a3d96cbb7bced3c4b16e3d13f27ec56dbd62cbc8f39cfb9d653"
dependencies = [
 "cpufeatures",
]

[[package]]
name = "libc"
version = "0.2.189"
source = "registry+https://github.com/rust-lang/crates.io-index"
checksum = "3eaf3ede3fee6db1a4c2ee091bf8a8b4dccdc6d17f656fb07896ee72867612f2"

[[package]]
name = "libsecp256k1"
version = "0.3.5"
source = "registry+https://github.com/rust-lang/crates.io-index"
checksum = "1fc1e2c808481a63dc6da2074752fdd4336a3c8fcc68b83db6f1fd5224ae7962"
dependencies = [
 "arrayref",
 "crunchy",
 "digest 0.8.1",
 "hmac-drbg",
 "rand",
 "sha2 0.8.2",
 "subtle 2.6.1",
 "typenum",
]

[[package]]
name = "memchr"
version = "2.8.3"
source = "registry+https://github.com/rust-lang/crates.io-index"
checksum = "cf8baf1c55e62ffcace7a9f06f4bd9cd3f0c4beb022d3b367256b91b87513d98"

[[package]]
name = "memzero"
version = "0.1.0"
source = "registry+https://github.com/rust-lang/crates.io-index"
checksum = "93c0d11ac30a033511ae414355d80f70d9f29a44a49140face477117a1ee90db"

[[package]]
name = "once_cell"
version = "1.21.4"
source = "registry+https://github.com/rust-lang/crates.io-index"
checksum = "9f7c3e4beb33f85d45ae3e3a1792185706c8e16d043238c593331cc7cd313b50"

[[package]]
name = "opaque-debug"
version = "0.2.3"
source = "registry+https://github.com/rust-lang/crates.io-index"
checksum = "2839e79665f131bdb5782e51f2c6c9599c133c6098982a54c794358bf432529c"

[[package]]
name = "pin-project-lite"
version = "0.2.17"
source = "registry+https://github.com/rust-lang/crates.io-index"
checksum = "a89322df9ebe1c1578d689c92318e070967d1042b512afbe49518723f4e6d5cd"

[[package]]
name = "pkcs8"
version = "0.10.2"
source = "registry+https://github.com/rust-lang/crates.io-index"
checksum = "f950b2377845cebe5cf8b5165cb3cc1a5e0fa5cfa3e1f7f55707d8fd82e0a7b7"
dependencies = [
 "der",
 "spki",
]

[[package]]
name = "ppv-lite86"
version = "0.2.21"
source = "registry+https://github.com/rust-lang/crates.io-index"
checksum = "85eae3c4ed2f50dcfe72643da4befc30deadb458a9b590d720cde2f2b1e97da9"
dependencies = [
 "zerocopy",
]

[[package]]
name = "proc-macro2"
version = "1.0.107"
source = "registry+https://github.com/rust-lang/crates.io-index"
checksum = "985e7ec9bb745e6ce6535b544d84d6cd6f7ad8bd711c398938ae983b91a766d9"
dependencies = [
 "unicode-ident",
]

[[package]]
name = "quote"
version = "1.0.47"
source = "registry+https://github.com/rust-lang/crates.io-index"
checksum = "1fbf4db142a473a8d80c26bbf18454ed458bf8d26c8219c331daecfdbd079001"
dependencies = [
 "proc-macro2",
]

[[package]]
name = "rand"
version = "0.7.3"
source = "registry+https://github.com/rust-lang/crates.io-index"
checksum = "6a6b1679d49b24bbfe0c803429aa1874472f50d9b363131f0e89fc356b544d03"
dependencies = [
 "getrandom 0.1.16",
 "libc",
 "rand_chacha",
 "rand_core 0.5.1",
 "rand_hc",
]

[[package]]
name = "rand_chacha"
version = "0.2.2"
source = "registry+https://github.com/rust-lang/crates.io-index"
checksum = "f4c8ed856279c9737206bf725bf36935d8666ead7aa69b52be55af369d193402"
dependencies = [
 "ppv-lite86",
 "rand_core 0.5.1",
]

[[package]]
name = "rand_core"
version = "0.5.1"
source = "registry+https://github.com/rust-lang/crates.io-index"
checksum = "90bde5296fc891b0cef12a6d03ddccc162ce7b2aff54160af9338f8d40df6d19"
dependencies = [
 "getrandom 0.1.16",
]

[[package]]
name = "rand_core"
version = "0.6.4"
source = "registry+https://github.com/rust-lang/crates.io-index"
checksum = "ec0be4795e2f6a28069bec0b5ff3e2ac9bafc99e6a9a7dc3547996c5c816922c"
dependencies = [
 "getrandom 0.2.17",
]

[[package]]
name = "rand_hc"
version = "0.2.0"
source = "registry+https://github.com/rust-lang/crates.io-index"
checksum = "ca3129af7b92a17112d59ad498c6f81eaf463253766b90396d39ea7a39d6613c"
dependencies = [
 "rand_core 0.5.1",
]

[[package]]
name = "rfc6979"
version = "0.4.0"
source = "registry+https://github.com/rust-lang/crates.io-index"
checksum = "f8dd2a808d456c4a54e300a23e9f5a67e122c3024119acbfd73e3bf664491cb2"
dependencies = [
 "hmac 0.12.1",
 "subtle 2.6.1",
]

[[package]]
name = "rustversion"
version = "1.0.23"
source = "registry+https://github.com/rust-lang/crates.io-index"
checksum = "cf54715a573b99ac80df0bc206da022bcd442c974952c7b9720069370852e21f"

[[package]]
name = "sec1"
version = "0.7.3"
source = "registry+https://github.com/rust-lang/crates.io-index"
checksum = "d3e97a565f76233a6003f9f5c54be1d9c5bdfa3eccfb189469f11ec4901c47dc"
dependencies = [
 "base16ct",
 "der",
 "generic-array 0.14.9",
 "pkcs8",
 "subtle 2.6.1",
 "zeroize",
]

[[package]]
name = "serde"
version = "1.0.229"
source = "registry+https://github.com/rust-lang/crates.io-index"
checksum = "4148590afebada386688f18773da617792bf2ef03ffc1e4cbd2b1d45b023e0ba"
dependencies = [
 "serde_core",
 "serde_derive",
]

[[package]]
name = "serde_core"
version = "1.0.229"
source = "registry+https://github.com/rust-lang/crates.io-index"
checksum = "67dca2c9c51e58a4791a4b1ed58308b39c64224d349a935ab5039aa360942a48"
dependencies = [
 "serde_derive",
]

[[package]]
name = "serde_derive"
version = "1.0.229"
source = "registry+https://github.com/rust-lang/crates.io-index"
checksum = "e7a5d71263a5a7d47b41f6b3f06ba276f10cc18b0931f1799f710578e2309348"
dependencies = [
 "proc-macro2",
 "quote",
 "syn 3.0.5",
]

[[package]]
name = "serde_json"
version = "1.0.151"
source = "registry+https://github.com/rust-lang/crates.io-index"
checksum = "c841b55ecdae098c80dcae9cf767f6f8a0c2cdb3416bbef72181df4d0fe73f14"
dependencies = [
 "itoa",
 "memchr",
 "serde",
 "serde_core",
 "zmij",
]

[[package]]
name = "sha2"
version = "0.8.2"
source = "registry+https://github.com/rust-lang/crates.io-index"
checksum = "a256f46ea78a0c0d9ff00077504903ac881a1dafdc20da66545699e7776b3e69"
dependencies = [
 "block-buffer 0.7.3",
 "digest 0.8.1",
 "fake-simd",
 "opaque-debug",
]

[[package]]
name = "sha2"
version = "0.10.9"
source = "registry+https://github.com/rust-lang/crates.io-index"
checksum = "a7507d819769d01a365ab707794a4084392c824f54a7a6a7862f8c3d0892b283"
dependencies = [
 "cfg-if",
 "cpufeatures",
 "digest 0.10.7",
]

[[package]]
name = "sha3"
version = "0.10.9"
source = "registry+https://github.com/rust-lang/crates.io-index"
checksum = "77fd7028345d415a4034cf8777cd4f8ab1851274233b45f84e3d955502d93874"
dependencies = [
 "digest 0.10.7",
 "keccak",
]

[[package]]
name = "signature"
version = "2.2.0"
source = "registry+https://github.com/rust-lang/crates.io-index"
checksum = "77549399552de45a898a580c1b41d445bf730df867cc44e6c0233bbc4b8329de"
dependencies = [
 "digest 0.10.7",
 "rand_core 0.6.4",
]

[[package]]
name = "slab"
version = "0.4.12"
source = "registry+https://github.com/rust-lang/crates.io-index"
checksum = "0c790de23124f9ab44544d7ac05d60440adc586479ce501c1d6d7da3cd8c9cf5"

[[package]]
name = "spki"
version = "0.7.3"
source = "registry+https://github.com/rust-lang/crates.io-index"
checksum = "d91ed6c858b01f942cd56b37a94b3e0a1798290327d1236e4d9cf4eaca44d29d"
dependencies = [
 "base64ct",
 "der",
]

[[package]]
name = "subtle"
version = "1.0.0"
source = "registry+https://github.com/rust-lang/crates.io-index"
checksum = "2d67a5a62ba6e01cb2192ff309324cb4875d0c451d55fe2319433abe7a05a8ee"

[[package]]
name = "subtle"
version = "2.6.1"
source = "registry+https://github.com/rust-lang/crates.io-index"
checksum = "13c2bddecc57b384dee18652358fb23172facb8a2c51ccc10d74c157bdea3292"

[[package]]
name = "syn"
version = "2.0.119"
source = "registry+https://github.com/rust-lang/crates.io-index"
checksum = "872831b642d1a07999a962a351ed35b955ea2cfc8f3862091e2a240a84f17297"
dependencies = [
 "proc-macro2",
 "quote",
 "unicode-ident",
]

[[package]]
name = "syn"
version = "3.0.5"
source = "registry+https://github.com/rust-lang/crates.io-index"
checksum = "12df2e0110f65b775f769bb17ef989067a1d931b2eb822bd4346631eeada89f9"
dependencies = [
 "proc-macro2",
 "quote",
 "unicode-ident",
]

[[package]]
name = "tiny-hderive"
version = "0.3.0"
source = "registry+https://github.com/rust-lang/crates.io-index"
checksum = "01b874a4992538d4b2f4fbbac11b9419d685f4b39bdc3fed95b04e07bfd76040"
dependencies = [
 "base58",
 "hmac 0.7.1",
 "libsecp256k1",
 "memzero",
 "sha2 0.8.2",
]

[[package]]
name = "tinyvec"
version = "1.13.3"
source = "registry+https://github.com/rust-lang/crates.io-index"
checksum = "fd3ca314f692efd6c868f8408f53fe444634a845f96c028b97d35f6a1f79f0ee"

[[package]]
name = "typenum"
version = "1.20.1"
source = "registry+https://github.com/rust-lang/crates.io-index"
checksum = "b6f5e870be6c3b371b77fe0ee0bafb859fa4964b4404c27de1d380043c4dda20"

[[package]]
name = "unicode-ident"
version = "1.0.24"
source = "registry+https://github.com/rust-lang/crates.io-index"
checksum = "e6e4313cd5fcd3dad5cafa179702e2b244f760991f45397d14d4ebf38247da75"

[[package]]
name = "unicode-normalization"
version = "0.1.25"
source = "registry+https://github.com/rust-lang/crates.io-index"
checksum = "5fd4f6878c9cb28d874b009da9e8d183b5abc80117c40bbd187a1fde336be6e8"
dependencies = [
 "tinyvec",
]

[[package]]
name = "version_check"
version = "0.9.5"
source = "registry+https://github.com/rust-lang/crates.io-index"
checksum = "0b928f33d975fc6ad9f86c8f283853ad26bdd5b10b7f1542aa2fa15e2289105a"

[[package]]
name = "wallet_core"
version = "0.1.0"
dependencies = [
 "base64",
 "bip39",
 "getrandom 0.2.17",
 "hex",
 "k256",
 "rand_core 0.6.4",
 "serde",
 "serde_json",
 "sha3",
 "tiny-hderive",
 "wasm-bindgen",
]

[[package]]
name = "wasi"
version = "0.9.0+wasi-snapshot-preview1"
source = "registry+https://github.com/rust-lang/crates.io-index"
checksum = "cccddf32554fecc6acb585f82a32a72e28b48f8c4c1883ddfeeeaa96f7d8e519"

[[package]]
name = "wasi"
version = "0.11.1+wasi-snapshot-preview1"
source = "registry+https://github.com/rust-lang/crates.io-index"
checksum = "ccf3ec651a847eb01de73ccad15eb7d99f80485de043efb2f370cd654f4ea44b"

[[package]]
name = "wasm-bindgen"
version = "0.2.128"
source = "registry+https://github.com/rust-lang/crates.io-index"
checksum = "aecb87a33d3b0c5e3b7aa46336eaf486cffafbd281b195e4c8b80d50df2351bf"
dependencies = [
 "cfg-if",
 "once_cell",
 "rustversion",
 "wasm-bindgen-macro",
 "wasm-bindgen-shared",
]

[[package]]
name = "wasm-bindgen-macro"
version = "0.2.128"
source = "registry+https://github.com/rust-lang/crates.io-index"
checksum = "a690d511e3c1a8b3a55e33511e3c2c00c78415cd23650f32b808627f5696b9ed"
dependencies = [
 "quote",
 "wasm-bindgen-macro-support",
]

[[package]]
name = "wasm-bindgen-macro-support"
version = "0.2.128"
source = "registry+https://github.com/rust-lang/crates.io-index"
checksum = "411e4887f0071ef2d2164a9d5fdf2d20efbef78fccd3a78b0c10a1dc5295e48a"
dependencies = [
 "bumpalo",
 "proc-macro2",
 "quote",
 "syn 3.0.5",
 "wasm-bindgen-shared",
]

[[package]]
name = "wasm-bindgen-shared"
version = "0.2.128"
source = "registry+https://github.com/rust-lang/crates.io-index"
checksum = "81941cd78d0c92026c33e5e01312845a4cb1e9af3407f9134b100dd03144103e"
dependencies = [
 "unicode-ident",
]

[[package]]
name = "zerocopy"
version = "0.8.57"
source = "registry+https://github.com/rust-lang/crates.io-index"
checksum = "d35102a9f36d089ccae9e4c6802bc118be4487b80aaffc0ab4e0cf5ce92d2873"
dependencies = [
 "zerocopy-derive",
]

[[package]]
name = "zerocopy-derive"
version = "0.8.57"
source = "registry+https://github.com/rust-lang/crates.io-index"
checksum = "146c01f5ab44258da43cf276c74a2763db2ff3969c9c652c3f2de07041d0b2bc"
dependencies = [
 "proc-macro2",
 "quote",
 "syn 2.0.119",
]

[[package]]
name = "zeroize"
version = "1.9.0"
source = "registry+https://github.com/rust-lang/crates.io-index"
checksum = "e13c156562582aa81c60cb29407084cdb54c4164760106ab78e6c5b0858cf64e"

[[package]]
name = "zmij"
version = "1.0.23"
source = "registry+https://github.com/rust-lang/crates.io-index"
checksum = "29666d0abbfad1e3dc4dcf6144730dd3a3ab225bbbdac83319345b1b44ccfc1b"
